// !$*UTF8*$!
{
	archiveVersion = 1;
	classes = {
	};
	objectVersion = 46;
	objects = {

/* Begin PBXBuildFile section */
		CD0A1001195D2DDC003FC459 /* Foundation.framework in Frameworks */ = {isa = PBXBuildFile; fileRef = CD0A1000195D2DDC003FC459 /* Foundation.framework */; };
		CD0A1003195D2DDC003FC459 /* CoreGraphics.framework in Frameworks */ = {isa = PBXBuildFile; fileRef = CD0A1002195D2DDC003FC459 /* CoreGraphics.framework */; };
		CD0A1005195D2DDC003FC459 /* UIKit.framework in Frameworks */ = {isa = PBXBuildFile; fileRef = CD0A1004195D2DDC003FC459 /* UIKit.framework */; };
		CD0A100B195D2DDC003FC459 /* InfoPlist.strings in Resources */ = {isa = PBXBuildFile; fileRef = CD0A1009195D2DDC003FC459 /* InfoPlist.strings */; };
		CD0A100D195D2DDC003FC459 /* main.m in Sources */ = {isa = PBXBuildFile; fileRef = CD0A100C195D2DDC003FC459 /* main.m */; };
		CD0A1011195D2DDC003FC459 /* LRMAppDelegate.m in Sources */ = {isa = PBXBuildFile; fileRef = CD0A1010195D2DDC003FC459 /* LRMAppDelegate.m */; };
		CD0A1014195D2DDC003FC459 /* Main.storyboard in Resources */ = {isa = PBXBuildFile; fileRef = CD0A1012195D2DDC003FC459 /* Main.storyboard */; };
		CD0A1017195D2DDC003FC459 /* LRMViewController.m in Sources */ = {isa = PBXBuildFile; fileRef = CD0A1016195D2DDC003FC459 /* LRMViewController.m */; };
		CD0A1019195D2DDC003FC459 /* Images.xcassets in Resources */ = {isa = PBXBuildFile; fileRef = CD0A1018195D2DDC003FC459 /* Images.xcassets */; };
		CD0A1020195D2DDC003FC459 /* XCTest.framework in Frameworks */ = {isa = PBXBuildFile; fileRef = CD0A101F195D2DDC003FC459 /* XCTest.framework */; };
		CD0A1021195D2DDC003FC459 /* Foundation.framework in Frameworks */ = {isa = PBXBuildFile; fileRef = CD0A1000195D2DDC003FC459 /* Foundation.framework */; };
		CD0A1022195D2DDC003FC459 /* UIKit.framework in Frameworks */ = {isa = PBXBuildFile; fileRef = CD0A1004195D2DDC003FC459 /* UIKit.framework */; };
		CD0A102A195D2DDC003FC459 /* InfoPlist.strings in Resources */ = {isa = PBXBuildFile; fileRef = CD0A1028195D2DDC003FC459 /* InfoPlist.strings */; };
		CD0A102C195D2DDC003FC459 /* UITableViewController_Challenge_SolutionTests.m in Sources */ = {isa = PBXBuildFile; fileRef = CD0A102B195D2DDC003FC459 /* UITableViewController_Challenge_SolutionTests.m */; };
/* End PBXBuildFile section */

/* Begin PBXContainerItemProxy section */
		CD0A1023195D2DDC003FC459 /* PBXContainerItemProxy */ = {
			isa = PBXContainerItemProxy;
			containerPortal = CD0A0FF5195D2DDC003FC459 /* Project object */;
			proxyType = 1;
			remoteGlobalIDString = CD0A0FFC195D2DDC003FC459;
			remoteInfo = "UITableViewController Challenge Solution";
		};
/* End PBXContainerItemProxy section */

/* Begin PBXFileReference section */
		CD0A0FFD195D2DDC003FC459 /* UITableViewController Challenge Solution.app */ = {isa = PBXFileReference; explicitFileType = wrapper.application; includeInIndex = 0; path = "UITableViewController Challenge Solution.app"; sourceTree = BUILT_PRODUCTS_DIR; };
		CD0A1000195D2DDC003FC459 /* Foundation.framework */ = {isa = PBXFileReference; lastKnownFileType = wrapper.framework; name = Foundation.framework; path = System/Library/Frameworks/Foundation.framework; sourceTree = SDKROOT; };
		CD0A1002195D2DDC003FC459 /* CoreGraphics.framework */ = {isa = PBXFileReference; lastKnownFileType = wrapper.framework; name = CoreGraphics.framework; path = System/Library/Frameworks/CoreGraphics.framework; sourceTree = SDKROOT; };
		CD0A1004195D2DDC003FC459 /* UIKit.framework */ = {isa = PBXFileReference; lastKnownFileType = wrapper.framework; name = UIKit.framework; path = System/Library/Frameworks/UIKit.framework; sourceTree = SDKROOT; };
		CD0A1008195D2DDC003FC459 /* UITableViewController Challenge Solution-Info.plist */ = {isa = PBXFileReference; lastKnownFileType = text.plist.xml; path = "UITableViewController Challenge Solution-Info.plist"; sourceTree = "<group>"; };
		CD0A100A195D2DDC003FC459 /* en */ = {isa = PBXFileReference; lastKnownFileType = text.plist.strings; name = en; path = en.lproj/InfoPlist.strings; sourceTree = "<group>"; };
		CD0A100C195D2DDC003FC459 /* main.m */ = {isa = PBXFileReference; lastKnownFileType = sourcecode.c.objc; path = main.m; sourceTree = "<group>"; };
		CD0A100E195D2DDC003FC459 /* UITableViewController Challenge Solution-Prefix.pch */ = {isa = PBXFileReference; lastKnownFileType = sourcecode.c.h; path = "UITableViewController Challenge Solution-Prefix.pch"; sourceTree = "<group>"; };
		CD0A100F195D2DDC003FC459 /* LRMAppDelegate.h */ = {isa = PBXFileReference; lastKnownFileType = sourcecode.c.h; path = LRMAppDelegate.h; sourceTree = "<group>"; };
		CD0A1010195D2DDC003FC459 /* LRMAppDelegate.m */ = {isa = PBXFileReference; lastKnownFileType = sourcecode.c.objc; path = LRMAppDelegate.m; sourceTree = "<group>"; };
		CD0A1013195D2DDC003FC459 /* Base */ = {isa = PBXFileReference; lastKnownFileType = file.storyboard; name = Base; path = Base.lproj/Main.storyboard; sourceTree = "<group>"; };
		CD0A1015195D2DDC003FC459 /* LRMViewController.h */ = {isa = PBXFileReference; lastKnownFileType = sourcecode.c.h; path = LRMViewController.h; sourceTree = "<group>"; };
		CD0A1016195D2DDC003FC459 /* LRMViewController.m */ = {isa = PBXFileReference; lastKnownFileType = sourcecode.c.objc; path = LRMViewController.m; sourceTree = "<group>"; };
		CD0A1018195D2DDC003FC459 /* Images.xcassets */ = {isa = PBXFileReference; lastKnownFileType = folder.assetcatalog; path = Images.xcassets; sourceTree = "<group>"; };
		CD0A101E195D2DDC003FC459 /* UITableViewController Challenge SolutionTests.xctest */ = {isa = PBXFileReference; explicitFileType = wrapper.cfbundle; includeInIndex = 0; path = "UITableViewController Challenge SolutionTests.xctest"; sourceTree = BUILT_PRODUCTS_DIR; };
		CD0A101F195D2DDC003FC459 /* XCTest.framework */ = {isa = PBXFileReference; lastKnownFileType = wrapper.framework; name = XCTest.framework; path = Library/Frameworks/XCTest.framework; sourceTree = DEVELOPER_DIR; };
		CD0A1027195D2DDC003FC459 /* UITableViewController Challenge SolutionTests-Info.plist */ = {isa = PBXFileReference; lastKnownFileType = text.plist.xml; path = "UITableViewController Challenge SolutionTests-Info.plist"; sourceTree = "<group>"; };
		CD0A1029195D2DDC003FC459 /* en */ = {isa = PBXFileReference; lastKnownFileType = text.plist.strings; name = en; path = en.lproj/InfoPlist.strings; sourceTree = "<group>"; };
		CD0A102B195D2DDC003FC459 /* UITableViewController_Challenge_SolutionTests.m */ = {isa = PBXFileReference; lastKnownFileType = sourcecode.c.objc; path = UITableViewController_Challenge_SolutionTests.m; sourceTree = "<group>"; };
/* End PBXFileReference section */

/* Begin PBXFrameworksBuildPhase section */
		CD0A0FFA195D2DDC003FC459 /* Frameworks */ = {
			isa = PBXFrameworksBuildPhase;
			buildActionMask = 2147483647;
			files = (
				CD0A1003195D2DDC003FC459 /* CoreGraphics.framework in Frameworks */,
				CD0A1005195D2DDC003FC459 /* UIKit.framework in Frameworks */,
				CD0A1001195D2DDC003FC459 /* Foundation.framework in Frameworks */,
			);
			runOnlyForDeploymentPostprocessing = 0;
		};
		CD0A101B195D2DDC003FC459 /* Frameworks */ = {
			isa = PBXFrameworksBuildPhase;
			buildActionMask = 2147483647;
			files = (
				CD0A1020195D2DDC003FC459 /* XCTest.framework in Frameworks */,
				CD0A1022195D2DDC003FC459 /* UIKit.framework in Frameworks */,
				CD0A1021195D2DDC003FC459 /* Foundation.framework in Frameworks */,
			);
			runOnlyForDeploymentPostprocessing = 0;
		};
/* End PBXFrameworksBuildPhase section */

/* Begin PBXGroup section */
		CD0A0FF4195D2DDC003FC459 = {
			isa = PBXGroup;
			children = (
				CD0A1006195D2DDC003FC459 /* UITableViewController Challenge Solution */,
				CD0A1025195D2DDC003FC459 /* UITableViewController Challenge SolutionTests */,
				CD0A0FFF195D2DDC003FC459 /* Frameworks */,
				CD0A0FFE195D2DDC003FC459 /* Products */,
			);
			sourceTree = "<group>";
		};
		CD0A0FFE195D2DDC003FC459 /* Products */ = {
			isa = PBXGroup;
			children = (
				CD0A0FFD195D2DDC003FC459 /* UITableViewController Challenge Solution.app */,
				CD0A101E195D2DDC003FC459 /* UITableViewController Challenge SolutionTests.xctest */,
			);
			name = Products;
			sourceTree = "<group>";
		};
		CD0A0FFF195D2DDC003FC459 /* Frameworks */ = {
			isa = PBXGroup;
			children = (
				CD0A1000195D2DDC003FC459 /* Foundation.framework */,
				CD0A1002195D2DDC003FC459 /* CoreGraphics.framework */,
				CD0A1004195D2DDC003FC459 /* UIKit.framework */,
				CD0A101F195D2DDC003FC459 /* XCTest.framework */,
			);
			name = Frameworks;
			sourceTree = "<group>";
		};
		CD0A1006195D2DDC003FC459 /* UITableViewController Challenge Solution */ = {
			isa = PBXGroup;
			children = (
				CD0A100F195D2DDC003FC459 /* LRMAppDelegate.h */,
				CD0A1010195D2DDC003FC459 /* LRMAppDelegate.m */,
				CD0A1012195D2DDC003FC459 /* Main.storyboard */,
				CD0A1015195D2DDC003FC459 /* LRMViewController.h */,
				CD0A1016195D2DDC003FC459 /* LRMViewController.m */,
				CD0A1018195D2DDC003FC459 /* Images.xcassets */,
				CD0A1007195D2DDC003FC459 /* Supporting Files */,
			);
			path = "UITableViewController Challenge Solution";
			sourceTree = "<group>";
		};
		CD0A1007195D2DDC003FC459 /* Supporting Files */ = {
			isa = PBXGroup;
			children = (
				CD0A1008195D2DDC003FC459 /* UITableViewController Challenge Solution-Info.plist */,
				CD0A1009195D2DDC003FC459 /* InfoPlist.strings */,
				CD0A100C195D2DDC003FC459 /* main.m */,
				CD0A100E195D2DDC003FC459 /* UITableViewController Challenge Solution-Prefix.pch */,
			);
			name = "Supporting Files";
			sourceTree = "<group>";
		};
		CD0A1025195D2DDC003FC459 /* UITableViewController Challenge SolutionTests */ = {
			isa = PBXGroup;
			children = (
				CD0A102B195D2DDC003FC459 /* UITableViewController_Challenge_SolutionTests.m */,
				CD0A1026195D2DDC003FC459 /* Supporting Files */,
			);
			path = "UITableViewController Challenge SolutionTests";
			sourceTree = "<group>";
		};
		CD0A1026195D2DDC003FC459 /* Supporting Files */ = {
			isa = PBXGroup;
			children = (
				CD0A1027195D2DDC003FC459 /* UITableViewController Challenge SolutionTests-Info.plist */,
				CD0A1028195D2DDC003FC459 /* InfoPlist.strings */,
			);
			name = "Supporting Files";
			sourceTree = "<group>";
		};
/* End PBXGroup section */

/* Begin PBXNativeTarget section */
		CD0A0FFC195D2DDC003FC459 /* UITableViewController Challenge Solution */ = {
			isa = PBXNativeTarget;
			buildConfigurationList = CD0A102F195D2DDC003FC459 /* Build configuration list for PBXNativeTarget "UITableViewController Challenge Solution" */;
			buildPhases = (
				CD0A0FF9195D2DDC003FC459 /* Sources */,
				CD0A0FFA195D2DDC003FC459 /* Frameworks */,
				CD0A0FFB195D2DDC003FC459 /* Resources */,
			);
			buildRules = (
			);
			dependencies = (
			);
			name = "UITableViewController Challenge Solution";
			productName = "UITableViewController Challenge Solution";
			productReference = CD0A0FFD195D2DDC003FC459 /* UITableViewController Challenge Solution.app */;
			productType = "com.apple.product-type.application";
		};
		CD0A101D195D2DDC003FC459 /* UITableViewController Challenge SolutionTests */ = {
			isa = PBXNativeTarget;
			buildConfigurationList = CD0A1032195D2DDC003FC459 /* Build configuration list for PBXNativeTarget "UITableViewController Challenge SolutionTests" */;
			buildPhases = (
				CD0A101A195D2DDC003FC459 /* Sources */,
				CD0A101B195D2DDC003FC459 /* Frameworks */,
				CD0A101C195D2DDC003FC459 /* Resources */,
			);
			buildRules = (
			);
			dependencies = (
				CD0A1024195D2DDC003FC459 /* PBXTargetDependency */,
			);
			name = "UITableViewController Challenge SolutionTests";
			productName = "UITableViewController Challenge SolutionTests";
			productReference = CD0A101E195D2DDC003FC459 /* UITableViewController Challenge SolutionTests.xctest */;
			productType = "com.apple.product-type.bundle.unit-test";
		};
/* End PBXNativeTarget section */

/* Begin PBXProject section */
		CD0A0FF5195D2DDC003FC459 /* Project object */ = {
			isa = PBXProject;
			attributes = {
				CLASSPREFIX = LRM;
				LastUpgradeCheck = 0510;
				ORGANIZATIONNAME = "Lucas Maciel";
				TargetAttributes = {
					CD0A101D195D2DDC003FC459 = {
						TestTargetID = CD0A0FFC195D2DDC003FC459;
					};
				};
			};
			buildConfigurationList = CD0A0FF8195D2DDC003FC459 /* Build configuration list for PBXProject "UITableViewController Challenge Solution" */;
			compatibilityVersion = "Xcode 3.2";
			developmentRegion = English;
			hasScannedForEncodings = 0;
			knownRegions = (
				en,
				Base,
			);
			mainGroup = CD0A0FF4195D2DDC003FC459;
			productRefGroup = CD0A0FFE195D2DDC003FC459 /* Products */;
			projectDirPath = "";
			projectRoot = "";
			targets = (
				CD0A0FFC195D2DDC003FC459 /* UITableViewController Challenge Solution */,
				CD0A101D195D2DDC003FC459 /* UITableViewController Challenge SolutionTests */,
			);
		};
/* End PBXProject section */

/* Begin PBXResourcesBuildPhase section */
		CD0A0FFB195D2DDC003FC459 /* Resources */ = {
			isa = PBXResourcesBuildPhase;
			buildActionMask = 2147483647;
			files = (
				CD0A1019195D2DDC003FC459 /* Images.xcassets in Resources */,
				CD0A100B195D2DDC003FC459 /* InfoPlist.strings in Resources */,
				CD0A1014195D2DDC003FC459 /* Main.storyboard in Resources */,
			);
			runOnlyForDeploymentPostprocessing = 0;
		};
		CD0A101C195D2DDC003FC459 /* Resources */ = {
			isa = PBXResourcesBuildPhase;
			buildActionMask = 2147483647;
			files = (
				CD0A102A195D2DDC003FC459 /* InfoPlist.strings in Resources */,
			);
			runOnlyForDeploymentPostprocessing = 0;
		};
/* End PBXResourcesBuildPhase section */

/* Begin PBXSourcesBuildPhase section */
		CD0A0FF9195D2DDC003FC459 /* Sources */ = {
			isa = PBXSourcesBuildPhase;
			buildActionMask = 2147483647;
			files = (
				CD0A1011195D2DDC003FC459 /* LRMAppDelegate.m in Sources */,
				CD0A100D195D2DDC003FC459 /* main.m in Sources */,
				CD0A1017195D2DDC003FC459 /* LRMViewController.m in Sources */,
			);
			runOnlyForDeploymentPostprocessing = 0;
		};
		CD0A101A195D2DDC003FC459 /* Sources */ = {
			isa = PBXSourcesBuildPhase;
			buildActionMask = 2147483647;
			files = (
				CD0A102C195D2DDC003FC459 /* UITableViewController_Challenge_SolutionTests.m in Sources */,
			);
			runOnlyForDeploymentPostprocessing = 0;
		};
/* End PBXSourcesBuildPhase section */

/* Begin PBXTargetDependency section */
		CD0A1024195D2DDC003FC459 /* PBXTargetDependency */ = {
			isa = PBXTargetDependency;
			target = CD0A0FFC195D2DDC003FC459 /* UITableViewController Challenge Solution */;
			targetProxy = CD0A1023195D2DDC003FC459 /* PBXContainerItemProxy */;
		};
/* End PBXTargetDependency section */

/* Begin PBXVariantGroup section */
		CD0A1009195D2DDC003FC459 /* InfoPlist.strings */ = {
			isa = PBXVariantGroup;
			children = (
				CD0A100A195D2DDC003FC459 /* en */,
			);
			name = InfoPlist.strings;
			sourceTree = "<group>";
		};
		CD0A1012195D2DDC003FC459 /* Main.storyboard */ = {
			isa = PBXVariantGroup;
			children = (
				CD0A1013195D2DDC003FC459 /* Base */,
			);
			name = Main.storyboard;
			sourceTree = "<group>";
		};
		CD0A1028195D2DDC003FC459 /* InfoPlist.strings */ = {
			isa = PBXVariantGroup;
			children = (
				CD0A1029195D2DDC003FC459 /* en */,
			);
			name = InfoPlist.strings;
			sourceTree = "<group>";
		};
/* End PBXVariantGroup section */

/* Begin XCBuildConfiguration section */
		CD0A102D195D2DDC003FC459 /* Debug */ = {
			isa = XCBuildConfiguration;
			buildSettings = {
				ALWAYS_SEARCH_USER_PATHS = NO;
				CLANG_CXX_LANGUAGE_STANDARD = "gnu++0x";
				CLANG_CXX_LIBRARY = "libc++";
				CLANG_ENABLE_MODULES = YES;
				CLANG_ENABLE_OBJC_ARC = YES;
				CLANG_WARN_BOOL_CONVERSION = YES;
				CLANG_WARN_CONSTANT_CONVERSION = YES;
				CLANG_WARN_DIRECT_OBJC_ISA_USAGE = YES_ERROR;
				CLANG_WARN_EMPTY_BODY = YES;
				CLANG_WARN_ENUM_CONVERSION = YES;
				CLANG_WARN_INT_CONVERSION = YES;
				CLANG_WARN_OBJC_ROOT_CLASS = YES_ERROR;
				CLANG_WARN__DUPLICATE_METHOD_MATCH = YES;
				"CODE_SIGN_IDENTITY[sdk=iphoneos*]" = "iPhone Developer";
				COPY_PHASE_STRIP = NO;
				GCC_C_LANGUAGE_STANDARD = gnu99;
				GCC_DYNAMIC_NO_PIC = NO;
				GCC_OPTIMIZATION_LEVEL = 0;
				GCC_PREPROCESSOR_DEFINITIONS = (
					"DEBUG=1",
					"$(inherited)",
				);
				GCC_SYMBOLS_PRIVATE_EXTERN = NO;
				GCC_WARN_64_TO_32_BIT_CONVERSION = YES;
				GCC_WARN_ABOUT_RETURN_TYPE = YES_ERROR;
				GCC_WARN_UNDECLARED_SELECTOR = YES;
				GCC_WARN_UNINITIALIZED_AUTOS = YES_AGGRESSIVE;
				GCC_WARN_UNUSED_FUNCTION = YES;
				GCC_WARN_UNUSED_VARIABLE = YES;
				IPHONEOS_DEPLOYMENT_TARGET = 7.1;
				ONLY_ACTIVE_ARCH = YES;
				SDKROOT = iphoneos;
			};
			name = Debug;
		};
		CD0A102E195D2DDC003FC459 /* Release */ = {
			isa = XCBuildConfiguration;
			buildSettings = {
				ALWAYS_SEARCH_USER_PATHS = NO;
				CLANG_CXX_LANGUAGE_STANDARD = "gnu++0x";
				CLANG_CXX_LIBRARY = "libc++";
				CLANG_ENABLE_MODULES = YES;
				CLANG_ENABLE_OBJC_ARC = YES;
				CLANG_WARN_BOOL_CONVERSION = YES;
				CLANG_WARN_CONSTANT_CONVERSION = YES;
				CLANG_WARN_DIRECT_OBJC_ISA_USAGE = YES_ERROR;
				CLANG_WARN_EMPTY_BODY = YES;
				CLANG_WARN_ENUM_CONVERSION = YES;
				CLANG_WARN_INT_CONVERSION = YES;
				CLANG_WARN_OBJC_ROOT_CLASS = YES_ERROR;
				CLANG_WARN__DUPLICATE_METHOD_MATCH = YES;
				"CODE_SIGN_IDENTITY[sdk=iphoneos*]" = "iPhone Developer";
				COPY_PHASE_STRIP = YES;
				ENABLE_NS_ASSERTIONS = NO;
				GCC_C_LANGUAGE_STANDARD = gnu99;
				GCC_WARN_64_TO_32_BIT_CONVERSION = YES;
				GCC_WARN_ABOUT_RETURN_TYPE = YES_ERROR;
				GCC_WARN_UNDECLARED_SELECTOR = YES;
				GCC_WARN_UNINITIALIZED_AUTOS = YES_AGGRESSIVE;
				GCC_WARN_UNUSED_FUNCTION = YES;
				GCC_WARN_UNUSED_VARIABLE = YES;
				IPHONEOS_DEPLOYMENT_TARGET = 7.1;
				SDKROOT = iphoneos;
				VALIDATE_PRODUCT = YES;
			};
			name = Release;
		};
		CD0A1030195D2DDC003FC459 /* Debug */ = {
			isa = XCBuildConfiguration;
			buildSettings = {
				ASSETCATALOG_COMPILER_APPICON_NAME = AppIcon;
				ASSETCATALOG_COMPILER_LAUNCHIMAGE_NAME = LaunchImage;
				GCC_PRECOMPILE_PREFIX_HEADER = YES;
				GCC_PREFIX_HEADER = "UITableViewController Challenge Solution/UITableViewController Challenge Solution-Prefix.pch";
				INFOPLIST_FILE = "UITableViewController Challenge Solution/UITableViewController Challenge Solution-Info.plist";
				PRODUCT_NAME = "$(TARGET_NAME)";
				WRAPPER_EXTENSION = app;
			};
			name = Debug;
		};
		CD0A1031195D2DDC003FC459 /* Release */ = {
			isa = XCBuildConfiguration;
			buildSettings = {
				ASSETCATALOG_COMPILER_APPICON_NAME = AppIcon;
				ASSETCATALOG_COMPILER_LAUNCHIMAGE_NAME = LaunchImage;
				GCC_PRECOMPILE_PREFIX_HEADER = YES;
				GCC_PREFIX_HEADER = "UITableViewController Challenge Solution/UITableViewController Challenge Solution-Prefix.pch";
				INFOPLIST_FILE = "UITableViewController Challenge Solution/UITableViewController Challenge Solution-Info.plist";
				PRODUCT_NAME = "$(TARGET_NAME)";
				WRAPPER_EXTENSION = app;
			};
			name = Release;
		};
		CD0A1033195D2DDC003FC459 /* Debug */ = {
			isa = XCBuildConfiguration;
			buildSettings = {
				BUNDLE_LOADER = "$(BUILT_PRODUCTS_DIR)/UITableViewController Challenge Solution.app/UITableViewController Challenge Solution";
				FRAMEWORK_SEARCH_PATHS = (
					"$(SDKROOT)/Developer/Library/Frameworks",
					"$(inherited)",
					"$(DEVELOPER_FRAMEWORKS_DIR)",
				);
				GCC_PRECOMPILE_PREFIX_HEADER = YES;
				GCC_PREFIX_HEADER = "UITableViewController Challenge Solution/UITableViewController Challenge Solution-Prefix.pch";
				GCC_PREPROCESSOR_DEFINITIONS = (
					"DEBUG=1",
					"$(inherited)",
				);
				INFOPLIST_FILE = "UITableViewController Challenge SolutionTests/UITableViewController Challenge SolutionTests-Info.plist";
				PRODUCT_NAME = "$(TARGET_NAME)";
				TEST_HOST = "$(BUNDLE_LOADER)";
				WRAPPER_EXTENSION = xctest;
			};
			name = Debug;
		};
		CD0A1034195D2DDC003FC459 /* Release */ = {
			isa = XCBuildConfiguration;
			buildSettings = {
				BUNDLE_LOADER = "$(BUILT_PRODUCTS_DIR)/UITableViewController Challenge Solution.app/UITableViewController Challenge Solution";
				FRAMEWORK_SEARCH_PATHS = (
					"$(SDKROOT)/Developer/Library/Frameworks",
					"$(inherited)",
					"$(DEVELOPER_FRAMEWORKS_DIR)",
				);
				GCC_PRECOMPILE_PREFIX_HEADER = YES;
				GCC_PREFIX_HEADER = "UITableViewController Challenge Solution/UITableViewController Challenge Solution-Prefix.pch";
				INFOPLIST_FILE = "UITableViewController Challenge SolutionTests/UITableViewController Challenge SolutionTests-Info.plist";
				PRODUCT_NAME = "$(TARGET_NAME)";
				TEST_HOST = "$(BUNDLE_LOADER)";
				WRAPPER_EXTENSION = xctest;
			};
			name = Release;
		};
/* End XCBuildConfiguration section */

/* Begin XCConfigurationList section */
		CD0A0FF8195D2DDC003FC459 /* Build configuration list for PBXProject "UITableViewController Challenge Solution" */ = {
			isa = XCConfigurationList;
			buildConfigurations = (
				CD0A102D195D2DDC003FC459 /* Debug */,
				CD0A102E195D2DDC003FC459 /* Release */,
			);
			defaultConfigurationIsVisible = 0;
			defaultConfigurationName = Release;
		};
		CD0A102F195D2DDC003FC459 /* Build configuration list for PBXNativeTarget "UITableViewController Challenge Solution" */ = {
			isa = XCConfigurationList;
			buildConfigurations = (
				CD0A1030195D2DDC003FC459 /* Debug */,
				CD0A1031195D2DDC003FC459 /* Release */,
			);
			defaultConfigurationIsVisible = 0;
		};
		CD0A1032195D2DDC003FC459 /* Build configuration list for PBXNativeTarget "UITableViewController Challenge SolutionTests" */ = {
			isa = XCConfigurationList;
			buildConfigurations = (
				CD0A1033195D2DDC003FC459 /* Debug */,
				CD0A1034195D2DDC003FC459 /* Release */,
			);
			defaultConfigurationIsVisible = 0;
		};
/* End XCConfigurationList section */
	};
	rootObject = CD0A0FF5195D2DDC003FC459 /* Project object */;
}
